
Microsoft Visual Studio Solution File, Format Version 12.00
# Visual Studio Version 17
VisualStudioVersion = 17.0.31912.275
MinimumVisualStudioVersion = 10.0.40219.1
Project("{FAE04EC0-301F-11D3-BF4B-00C04F79EFBC}") = "ExemploDapper", "ExemploDapper\ExemploDapper.csproj", "{FFE002D4-9579-47B5-B267-DD229510739D}"
EndProject
Global
	GlobalSection(SolutionConfigurationPlatforms) = preSolution
		Debug|Any CPU = Debug|Any CPU
		Release|Any CPU = Release|Any CPU
	EndGlobalSection
	GlobalSection(ProjectConfigurationPlatforms) = postSolution
		{FFE002D4-9579-47B5-B267-DD229510739D}.Debug|Any CPU.ActiveCfg = Debug|Any CPU
		{FFE002D4-9579-47B5-B267-DD229510739D}.Debug|Any CPU.Build.0 = Debug|Any CPU
		{FFE002D4-9579-47B5-B267-DD229510739D}.Release|Any CPU.ActiveCfg = Release|Any CPU
		{FFE002D4-9579-47B5-B267-DD229510739D}.Release|Any CPU.Build.0 = Release|Any CPU
	EndGlobalSection
	GlobalSection(SolutionProperties) = preSolution
		HideSolutionNode = FALSE
	EndGlobalSection
	GlobalSection(ExtensibilityGlobals) = postSolution
		SolutionGuid = {B0054586-69AC-4A79-862A-CC3F3F7648D5}
	EndGlobalSection
EndGlobal
